# This file is automatically @generated by Cargo.
# It is not intended for manual editing.
[[package]]
name = "archive_library"
version = "0.1.0"
dependencies = [
 "bitflags",
 "users",
]

[[package]]
name = "bitflags"
version = "1.2.1"
source = "registry+https://github.com/rust-lang/crates.io-index"
checksum = "cf1de2fe8c75bc145a2f577add951f8134889b4795d47466a54a5c846d691693"

[[package]]
name = "cfg-if"
version = "0.1.10"
source = "registry+https://github.com/rust-lang/crates.io-index"
checksum = "4785bdd1c96b2a846b2bd7cc02e86b6b3dbf14e7e53446c4f54c92a361040822"

[[package]]
name = "libc"
version = "0.2.72"
source = "registry+https://github.com/rust-lang/crates.io-index"
checksum = "a9f8082297d534141b30c8d39e9b1773713ab50fdbe4ff30f750d063b3bfd701"

[[package]]
name = "log"
version = "0.4.8"
source = "registry+https://github.com/rust-lang/crates.io-index"
checksum = "14b6052be84e6b71ab17edffc2eeabf5c2c3ae1fdb464aae35ac50c67a44e1f7"
dependencies = [
 "cfg-if",
]

[[package]]
name = "rau"
version = "0.1.0"
dependencies = [
 "archive_library",
]

[[package]]
name = "users"
version = "0.10.0"
source = "registry+https://github.com/rust-lang/crates.io-index"
checksum = "aa4227e95324a443c9fcb06e03d4d85e91aabe9a5a02aa818688b6918b6af486"
dependencies = [
 "libc",
 "log",
]
